
Microsoft Visual Studio Solution File, Format Version 12.00
# Visual Studio 15
VisualStudioVersion = 15.0.26730.16
MinimumVisualStudioVersion = 10.0.40219.1
Project("{8BC9CEB8-8B4A-11D0-8D11-00A0C91BC942}") = "LaunchControl", "LaunchControl\LaunchControl.vcxproj", "{B55FF9A2-47DE-4E17-B3C7-1F7A17350E19}"
EndProject
Project("{8BC9CEB8-8B4A-11D0-8D11-00A0C91BC942}") = "LaunchControlConsole", "LaunchControlConsole\LaunchControlConsole.vcxproj", "{98E8217F-665D-413D-9C01-8FB517D93146}"
	ProjectSection(ProjectDependencies) = postProject
		{B55FF9A2-47DE-4E17-B3C7-1F7A17350E19} = {B55FF9A2-47DE-4E17-B3C7-1F7A17350E19}
	EndProjectSection
EndProject
Global
	GlobalSection(SolutionConfigurationPlatforms) = preSolution
		Debug|x64 = Debug|x64
		Debug|x86 = Debug|x86
		Release|x64 = Release|x64
		Release|x86 = Release|x86
	EndGlobalSection
	GlobalSection(ProjectConfigurationPlatforms) = postSolution
		{B55FF9A2-47DE-4E17-B3C7-1F7A17350E19}.Debug|x64.ActiveCfg = Debug|x64
		{B55FF9A2-47DE-4E17-B3C7-1F7A17350E19}.Debug|x64.Build.0 = Debug|x64
		{B55FF9A2-47DE-4E17-B3C7-1F7A17350E19}.Debug|x86.ActiveCfg = Debug|Win32
		{B55FF9A2-47DE-4E17-B3C7-1F7A17350E19}.Debug|x86.Build.0 = Debug|Win32
		{B55FF9A2-47DE-4E17-B3C7-1F7A17350E19}.Release|x64.ActiveCfg = Release|x64
		{B55FF9A2-47DE-4E17-B3C7-1F7A17350E19}.Release|x64.Build.0 = Release|x64
		{B55FF9A2-47DE-4E17-B3C7-1F7A17350E19}.Release|x86.ActiveCfg = Release|Win32
		{B55FF9A2-47DE-4E17-B3C7-1F7A17350E19}.Release|x86.Build.0 = Release|Win32
		{98E8217F-665D-413D-9C01-8FB517D93146}.Debug|x64.ActiveCfg = Debug|x64
		{98E8217F-665D-413D-9C01-8FB517D93146}.Debug|x64.Build.0 = Debug|x64
		{98E8217F-665D-413D-9C01-8FB517D93146}.Debug|x86.ActiveCfg = Debug|Win32
		{98E8217F-665D-413D-9C01-8FB517D93146}.Debug|x86.Build.0 = Debug|Win32
		{98E8217F-665D-413D-9C01-8FB517D93146}.Release|x64.ActiveCfg = Release|x64
		{98E8217F-665D-413D-9C01-8FB517D93146}.Release|x64.Build.0 = Release|x64
		{98E8217F-665D-413D-9C01-8FB517D93146}.Release|x86.ActiveCfg = Release|Win32
		{98E8217F-665D-413D-9C01-8FB517D93146}.Release|x86.Build.0 = Release|Win32
	EndGlobalSection
	GlobalSection(SolutionProperties) = preSolution
		HideSolutionNode = FALSE
	EndGlobalSection
	GlobalSection(ExtensibilityGlobals) = postSolution
		SolutionGuid = {503CA874-B5A2-4BF1-B466-5A6A8B4B5AB2}
	EndGlobalSection
EndGlobal
